
Microsoft Visual Studio Solution File, Format Version 12.00
# Visual Studio Version 17
VisualStudioVersion = 17.4.33205.214
MinimumVisualStudioVersion = 10.0.40219.1
Project("{FAE04EC0-301F-11D3-BF4B-00C04F79EFBC}") = "SoapySDR-FFT-GUI", "SoapySDRFFTGUI\SoapySDR-FFT-GUI.csproj", "{AFB6475E-61FC-4596-9A42-5437B18F662F}"
EndProject
Global
	GlobalSection(SolutionConfigurationPlatforms) = preSolution
		Debug|Any CPU = Debug|Any CPU
		Debug|x64 = Debug|x64
		MinSizeRel|Any CPU = MinSizeRel|Any CPU
		MinSizeRel|x64 = MinSizeRel|x64
		Release|Any CPU = Release|Any CPU
		Release|x64 = Release|x64
		RelWithDebInfo|Any CPU = RelWithDebInfo|Any CPU
		RelWithDebInfo|x64 = RelWithDebInfo|x64
	EndGlobalSection
	GlobalSection(ProjectConfigurationPlatforms) = postSolution
		{AFB6475E-61FC-4596-9A42-5437B18F662F}.Debug|Any CPU.ActiveCfg = Debug|Any CPU
		{AFB6475E-61FC-4596-9A42-5437B18F662F}.Debug|Any CPU.Build.0 = Debug|Any CPU
		{AFB6475E-61FC-4596-9A42-5437B18F662F}.Debug|x64.ActiveCfg = Release|Any CPU
		{AFB6475E-61FC-4596-9A42-5437B18F662F}.Debug|x64.Build.0 = Release|Any CPU
		{AFB6475E-61FC-4596-9A42-5437B18F662F}.MinSizeRel|Any CPU.ActiveCfg = Release|Any CPU
		{AFB6475E-61FC-4596-9A42-5437B18F662F}.MinSizeRel|Any CPU.Build.0 = Release|Any CPU
		{AFB6475E-61FC-4596-9A42-5437B18F662F}.MinSizeRel|x64.ActiveCfg = Release|Any CPU
		{AFB6475E-61FC-4596-9A42-5437B18F662F}.MinSizeRel|x64.Build.0 = Release|Any CPU
		{AFB6475E-61FC-4596-9A42-5437B18F662F}.Release|Any CPU.ActiveCfg = Release|Any CPU
		{AFB6475E-61FC-4596-9A42-5437B18F662F}.Release|Any CPU.Build.0 = Release|Any CPU
		{AFB6475E-61FC-4596-9A42-5437B18F662F}.Release|x64.ActiveCfg = Release|Any CPU
		{AFB6475E-61FC-4596-9A42-5437B18F662F}.Release|x64.Build.0 = Release|Any CPU
		{AFB6475E-61FC-4596-9A42-5437B18F662F}.RelWithDebInfo|Any CPU.ActiveCfg = Release|Any CPU
		{AFB6475E-61FC-4596-9A42-5437B18F662F}.RelWithDebInfo|Any CPU.Build.0 = Release|Any CPU
		{AFB6475E-61FC-4596-9A42-5437B18F662F}.RelWithDebInfo|x64.ActiveCfg = Release|Any CPU
		{AFB6475E-61FC-4596-9A42-5437B18F662F}.RelWithDebInfo|x64.Build.0 = Release|Any CPU
	EndGlobalSection
	GlobalSection(SolutionProperties) = preSolution
		HideSolutionNode = FALSE
	EndGlobalSection
	GlobalSection(ExtensibilityGlobals) = postSolution
		SolutionGuid = {1DA3028E-B090-4716-A3FE-678EDA358E76}
	EndGlobalSection
EndGlobal
